// !$*UTF8*$!
{
	archiveVersion = 1;
	classes = {
	};
	objectVersion = 51;
	objects = {

/* Begin PBXBuildFile section */
		12B55D71F1C61537BFF647CD /* Pods_NYTTests.framework in Frameworks */ = {isa = PBXBuildFile; fileRef = 24DB7AF2E89F25F1C152594E /* Pods_NYTTests.framework */; };
		309540ED26866FB600D6D621 /* AppDelegate.swift in Sources */ = {isa = PBXBuildFile; fileRef = 309540EC26866FB600D6D621 /* AppDelegate.swift */; };
		309540F126866FB600D6D621 /* HomeViewController.swift in Sources */ = {isa = PBXBuildFile; fileRef = 309540F026866FB600D6D621 /* HomeViewController.swift */; };
		309540F426866FB600D6D621 /* Main.storyboard in Resources */ = {isa = PBXBuildFile; fileRef = 309540F226866FB600D6D621 /* Main.storyboard */; };
		309540F626866FB900D6D621 /* Assets.xcassets in Resources */ = {isa = PBXBuildFile; fileRef = 309540F526866FB900D6D621 /* Assets.xcassets */; };
		309540F926866FB900D6D621 /* LaunchScreen.storyboard in Resources */ = {isa = PBXBuildFile; fileRef = 309540F726866FB900D6D621 /* LaunchScreen.storyboard */; };
		3095410426866FB900D6D621 /* NYTTests.swift in Sources */ = {isa = PBXBuildFile; fileRef = 3095410326866FB900D6D621 /* NYTTests.swift */; };
		3095410F26866FB900D6D621 /* NYTUITests.swift in Sources */ = {isa = PBXBuildFile; fileRef = 3095410E26866FB900D6D621 /* NYTUITests.swift */; };
		30B5053E26877CB800F52E2B /* RootRouter.swift in Sources */ = {isa = PBXBuildFile; fileRef = 30B5053D26877CB800F52E2B /* RootRouter.swift */; };
		30B5054026879C4B00F52E2B /* StatusCodePlugin.swift in Sources */ = {isa = PBXBuildFile; fileRef = 30B5053F26879C4B00F52E2B /* StatusCodePlugin.swift */; };
		30B5054326879C7F00F52E2B /* ErrorProtocol.swift in Sources */ = {isa = PBXBuildFile; fileRef = 30B5054226879C7F00F52E2B /* ErrorProtocol.swift */; };
		30B5054526879CE400F52E2B /* Decoders.swift in Sources */ = {isa = PBXBuildFile; fileRef = 30B5054426879CE400F52E2B /* Decoders.swift */; };
		30B5054726879E5E00F52E2B /* ErrorModel.swift in Sources */ = {isa = PBXBuildFile; fileRef = 30B5054626879E5E00F52E2B /* ErrorModel.swift */; };
		30B505492687A00600F52E2B /* ServiceProtocol.swift in Sources */ = {isa = PBXBuildFile; fileRef = 30B505482687A00600F52E2B /* ServiceProtocol.swift */; };
		30B5054B2687A04100F52E2B /* NYTimesAPI.swift in Sources */ = {isa = PBXBuildFile; fileRef = 30B5054A2687A04100F52E2B /* NYTimesAPI.swift */; };
		30B5054D2687A0B200F52E2B /* Globals.swift in Sources */ = {isa = PBXBuildFile; fileRef = 30B5054C2687A0B200F52E2B /* Globals.swift */; };
		30B5054F2687C06600F52E2B /* NYTimesStoryService.swift in Sources */ = {isa = PBXBuildFile; fileRef = 30B5054E2687C06600F52E2B /* NYTimesStoryService.swift */; };
		30B505512687C11F00F52E2B /* StoryModel.swift in Sources */ = {isa = PBXBuildFile; fileRef = 30B505502687C11F00F52E2B /* StoryModel.swift */; };
		30B505532687C37D00F52E2B /* MoyaResponseExtension.swift in Sources */ = {isa = PBXBuildFile; fileRef = 30B505522687C37D00F52E2B /* MoyaResponseExtension.swift */; };
		30B505562687D07A00F52E2B /* StoryMock.json in Resources */ = {isa = PBXBuildFile; fileRef = 30B505552687D07A00F52E2B /* StoryMock.json */; };
		30B505592687D1F400F52E2B /* HomeTestCase.swift in Sources */ = {isa = PBXBuildFile; fileRef = 30B505582687D1F400F52E2B /* HomeTestCase.swift */; };
		30B5055B2687D43A00F52E2B /* MultimediaModel.swift in Sources */ = {isa = PBXBuildFile; fileRef = 30B5055A2687D43A00F52E2B /* MultimediaModel.swift */; };
		30B5055E2687D4F300F52E2B /* HomePresentationModel.swift in Sources */ = {isa = PBXBuildFile; fileRef = 30B5055D2687D4F300F52E2B /* HomePresentationModel.swift */; };
		30B505622687D5EB00F52E2B /* HomeContracts.swift in Sources */ = {isa = PBXBuildFile; fileRef = 30B505612687D5EB00F52E2B /* HomeContracts.swift */; };
		30B505642687D5FA00F52E2B /* HomeViewModel.swift in Sources */ = {isa = PBXBuildFile; fileRef = 30B505632687D5FA00F52E2B /* HomeViewModel.swift */; };
		30B505662687D60600F52E2B /* HomeBuilder.swift in Sources */ = {isa = PBXBuildFile; fileRef = 30B505652687D60600F52E2B /* HomeBuilder.swift */; };
		30B505692688CF3700F52E2B /* HomeTableViewCell.swift in Sources */ = {isa = PBXBuildFile; fileRef = 30B505682688CF3700F52E2B /* HomeTableViewCell.swift */; };
		30B5056B2688CFDD00F52E2B /* HomeCellViewModel.swift in Sources */ = {isa = PBXBuildFile; fileRef = 30B5056A2688CFDD00F52E2B /* HomeCellViewModel.swift */; };
		30B5056D2688D2F100F52E2B /* ImageViewExtension.swift in Sources */ = {isa = PBXBuildFile; fileRef = 30B5056C2688D2F100F52E2B /* ImageViewExtension.swift */; };
		30B505702688E87A00F52E2B /* MainNavigationViewController.swift in Sources */ = {isa = PBXBuildFile; fileRef = 30B5056F2688E87A00F52E2B /* MainNavigationViewController.swift */; };
		30B505732688EAFB00F52E2B /* StoryDetailViewController.swift in Sources */ = {isa = PBXBuildFile; fileRef = 30B505722688EAFB00F52E2B /* StoryDetailViewController.swift */; };
		30B505752688ED8B00F52E2B /* StoryDetailContracts.swift in Sources */ = {isa = PBXBuildFile; fileRef = 30B505742688ED8B00F52E2B /* StoryDetailContracts.swift */; };
		30B505772688ED9F00F52E2B /* StoryDetailViewModel.swift in Sources */ = {isa = PBXBuildFile; fileRef = 30B505762688ED9F00F52E2B /* StoryDetailViewModel.swift */; };
		30B505792688EDAD00F52E2B /* StoryDetailBuilder.swift in Sources */ = {isa = PBXBuildFile; fileRef = 30B505782688EDAD00F52E2B /* StoryDetailBuilder.swift */; };
		30B5057B268905C800F52E2B /* Spinner.swift in Sources */ = {isa = PBXBuildFile; fileRef = 30B5057A268905C800F52E2B /* Spinner.swift */; };
		84384D95DDACFB62E1E6ECBF /* Pods_NYT_NYTUITests.framework in Frameworks */ = {isa = PBXBuildFile; fileRef = 95F99B6EBF118A64EA9EAE43 /* Pods_NYT_NYTUITests.framework */; };
		CF23E0DB052752FF9A99BBD7 /* Pods_NYT.framework in Frameworks */ = {isa = PBXBuildFile; fileRef = CF000DA2B6BFA8A19A133D19 /* Pods_NYT.framework */; };
/* End PBXBuildFile section */

/* Begin PBXContainerItemProxy section */
		3095410026866FB900D6D621 /* PBXContainerItemProxy */ = {
			isa = PBXContainerItemProxy;
			containerPortal = 309540E126866FB500D6D621 /* Project object */;
			proxyType = 1;
			remoteGlobalIDString = 309540E826866FB600D6D621;
			remoteInfo = NYT;
		};
		3095410B26866FB900D6D621 /* PBXContainerItemProxy */ = {
			isa = PBXContainerItemProxy;
			containerPortal = 309540E126866FB500D6D621 /* Project object */;
			proxyType = 1;
			remoteGlobalIDString = 309540E826866FB600D6D621;
			remoteInfo = NYT;
		};
/* End PBXContainerItemProxy section */

/* Begin PBXFileReference section */
		0C783E673890E82DC565DA80 /* Pods-NYT-NYTUITests.release.xcconfig */ = {isa = PBXFileReference; includeInIndex = 1; lastKnownFileType = text.xcconfig; name = "Pods-NYT-NYTUITests.release.xcconfig"; path = "Target Support Files/Pods-NYT-NYTUITests/Pods-NYT-NYTUITests.release.xcconfig"; sourceTree = "<group>"; };
		24DB7AF2E89F25F1C152594E /* Pods_NYTTests.framework */ = {isa = PBXFileReference; explicitFileType = wrapper.framework; includeInIndex = 0; path = Pods_NYTTests.framework; sourceTree = BUILT_PRODUCTS_DIR; };
		309540E926866FB600D6D621 /* NYT.app */ = {isa = PBXFileReference; explicitFileType = wrapper.application; includeInIndex = 0; path = NYT.app; sourceTree = BUILT_PRODUCTS_DIR; };
		309540EC26866FB600D6D621 /* AppDelegate.swift */ = {isa = PBXFileReference; lastKnownFileType = sourcecode.swift; path = AppDelegate.swift; sourceTree = "<group>"; };
		309540F026866FB600D6D621 /* HomeViewController.swift */ = {isa = PBXFileReference; lastKnownFileType = sourcecode.swift; path = HomeViewController.swift; sourceTree = "<group>"; };
		309540F326866FB600D6D621 /* Base */ = {isa = PBXFileReference; lastKnownFileType = file.storyboard; name = Base; path = Base.lproj/Main.storyboard; sourceTree = "<group>"; };
		309540F526866FB900D6D621 /* Assets.xcassets */ = {isa = PBXFileReference; lastKnownFileType = folder.assetcatalog; path = Assets.xcassets; sourceTree = "<group>"; };
		309540F826866FB900D6D621 /* Base */ = {isa = PBXFileReference; lastKnownFileType = file.storyboard; name = Base; path = Base.lproj/LaunchScreen.storyboard; sourceTree = "<group>"; };
		309540FA26866FB900D6D621 /* Info.plist */ = {isa = PBXFileReference; lastKnownFileType = text.plist.xml; path = Info.plist; sourceTree = "<group>"; };
		309540FF26866FB900D6D621 /* NYTTests.xctest */ = {isa = PBXFileReference; explicitFileType = wrapper.cfbundle; includeInIndex = 0; path = NYTTests.xctest; sourceTree = BUILT_PRODUCTS_DIR; };
		3095410326866FB900D6D621 /* NYTTests.swift */ = {isa = PBXFileReference; lastKnownFileType = sourcecode.swift; path = NYTTests.swift; sourceTree = "<group>"; };
		3095410526866FB900D6D621 /* Info.plist */ = {isa = PBXFileReference; lastKnownFileType = text.plist.xml; path = Info.plist; sourceTree = "<group>"; };
		3095410A26866FB900D6D621 /* NYTUITests.xctest */ = {isa = PBXFileReference; explicitFileType = wrapper.cfbundle; includeInIndex = 0; path = NYTUITests.xctest; sourceTree = BUILT_PRODUCTS_DIR; };
		3095410E26866FB900D6D621 /* NYTUITests.swift */ = {isa = PBXFileReference; lastKnownFileType = sourcecode.swift; path = NYTUITests.swift; sourceTree = "<group>"; };
		3095411026866FB900D6D621 /* Info.plist */ = {isa = PBXFileReference; lastKnownFileType = text.plist.xml; path = Info.plist; sourceTree = "<group>"; };
		30B5053D26877CB800F52E2B /* RootRouter.swift */ = {isa = PBXFileReference; lastKnownFileType = sourcecode.swift; path = RootRouter.swift; sourceTree = "<group>"; };
		30B5053F26879C4B00F52E2B /* StatusCodePlugin.swift */ = {isa = PBXFileReference; lastKnownFileType = sourcecode.swift; path = StatusCodePlugin.swift; sourceTree = "<group>"; };
		30B5054226879C7F00F52E2B /* ErrorProtocol.swift */ = {isa = PBXFileReference; lastKnownFileType = sourcecode.swift; path = ErrorProtocol.swift; sourceTree = "<group>"; };
		30B5054426879CE400F52E2B /* Decoders.swift */ = {isa = PBXFileReference; lastKnownFileType = sourcecode.swift; path = Decoders.swift; sourceTree = "<group>"; };
		30B5054626879E5E00F52E2B /* ErrorModel.swift */ = {isa = PBXFileReference; lastKnownFileType = sourcecode.swift; path = ErrorModel.swift; sourceTree = "<group>"; };
		30B505482687A00600F52E2B /* ServiceProtocol.swift */ = {isa = PBXFileReference; lastKnownFileType = sourcecode.swift; path = ServiceProtocol.swift; sourceTree = "<group>"; };
		30B5054A2687A04100F52E2B /* NYTimesAPI.swift */ = {isa = PBXFileReference; lastKnownFileType = sourcecode.swift; path = NYTimesAPI.swift; sourceTree = "<group>"; };
		30B5054C2687A0B200F52E2B /* Globals.swift */ = {isa = PBXFileReference; lastKnownFileType = sourcecode.swift; path = Globals.swift; sourceTree = "<group>"; };
		30B5054E2687C06600F52E2B /* NYTimesStoryService.swift */ = {isa = PBXFileReference; lastKnownFileType = sourcecode.swift; path = NYTimesStoryService.swift; sourceTree = "<group>"; };
		30B505502687C11F00F52E2B /* StoryModel.swift */ = {isa = PBXFileReference; lastKnownFileType = sourcecode.swift; path = StoryModel.swift; sourceTree = "<group>"; };
		30B505522687C37D00F52E2B /* MoyaResponseExtension.swift */ = {isa = PBXFileReference; lastKnownFileType = sourcecode.swift; path = MoyaResponseExtension.swift; sourceTree = "<group>"; };
		30B505552687D07A00F52E2B /* StoryMock.json */ = {isa = PBXFileReference; lastKnownFileType = text.json; path = StoryMock.json; sourceTree = "<group>"; };
		30B505582687D1F400F52E2B /* HomeTestCase.swift */ = {isa = PBXFileReference; lastKnownFileType = sourcecode.swift; path = HomeTestCase.swift; sourceTree = "<group>"; };
		30B5055A2687D43A00F52E2B /* MultimediaModel.swift */ = {isa = PBXFileReference; lastKnownFileType = sourcecode.swift; path = MultimediaModel.swift; sourceTree = "<group>"; };
		30B5055D2687D4F300F52E2B /* HomePresentationModel.swift */ = {isa = PBXFileReference; lastKnownFileType = sourcecode.swift; path = HomePresentationModel.swift; sourceTree = "<group>"; };
		30B505612687D5EB00F52E2B /* HomeContracts.swift */ = {isa = PBXFileReference; lastKnownFileType = sourcecode.swift; path = HomeContracts.swift; sourceTree = "<group>"; };
		30B505632687D5FA00F52E2B /* HomeViewModel.swift */ = {isa = PBXFileReference; lastKnownFileType = sourcecode.swift; path = HomeViewModel.swift; sourceTree = "<group>"; };
		30B505652687D60600F52E2B /* HomeBuilder.swift */ = {isa = PBXFileReference; lastKnownFileType = sourcecode.swift; path = HomeBuilder.swift; sourceTree = "<group>"; };
		30B505682688CF3700F52E2B /* HomeTableViewCell.swift */ = {isa = PBXFileReference; lastKnownFileType = sourcecode.swift; path = HomeTableViewCell.swift; sourceTree = "<group>"; };
		30B5056A2688CFDD00F52E2B /* HomeCellViewModel.swift */ = {isa = PBXFileReference; lastKnownFileType = sourcecode.swift; path = HomeCellViewModel.swift; sourceTree = "<group>"; };
		30B5056C2688D2F100F52E2B /* ImageViewExtension.swift */ = {isa = PBXFileReference; lastKnownFileType = sourcecode.swift; path = ImageViewExtension.swift; sourceTree = "<group>"; };
		30B5056F2688E87A00F52E2B /* MainNavigationViewController.swift */ = {isa = PBXFileReference; lastKnownFileType = sourcecode.swift; path = MainNavigationViewController.swift; sourceTree = "<group>"; };
		30B505722688EAFB00F52E2B /* StoryDetailViewController.swift */ = {isa = PBXFileReference; lastKnownFileType = sourcecode.swift; path = StoryDetailViewController.swift; sourceTree = "<group>"; };
		30B505742688ED8B00F52E2B /* StoryDetailContracts.swift */ = {isa = PBXFileReference; lastKnownFileType = sourcecode.swift; path = StoryDetailContracts.swift; sourceTree = "<group>"; };
		30B505762688ED9F00F52E2B /* StoryDetailViewModel.swift */ = {isa = PBXFileReference; lastKnownFileType = sourcecode.swift; path = StoryDetailViewModel.swift; sourceTree = "<group>"; };
		30B505782688EDAD00F52E2B /* StoryDetailBuilder.swift */ = {isa = PBXFileReference; lastKnownFileType = sourcecode.swift; path = StoryDetailBuilder.swift; sourceTree = "<group>"; };
		30B5057A268905C800F52E2B /* Spinner.swift */ = {isa = PBXFileReference; lastKnownFileType = sourcecode.swift; path = Spinner.swift; sourceTree = "<group>"; };
		8A2E1DFACCEA4B9613359FFA /* Pods-NYTTests.release.xcconfig */ = {isa = PBXFileReference; includeInIndex = 1; lastKnownFileType = text.xcconfig; name = "Pods-NYTTests.release.xcconfig"; path = "Target Support Files/Pods-NYTTests/Pods-NYTTests.release.xcconfig"; sourceTree = "<group>"; };
		95F99B6EBF118A64EA9EAE43 /* Pods_NYT_NYTUITests.framework */ = {isa = PBXFileReference; explicitFileType = wrapper.framework; includeInIndex = 0; path = Pods_NYT_NYTUITests.framework; sourceTree = BUILT_PRODUCTS_DIR; };
		96409398BED33E37722F97FF /* Pods-NYT.release.xcconfig */ = {isa = PBXFileReference; includeInIndex = 1; lastKnownFileType = text.xcconfig; name = "Pods-NYT.release.xcconfig"; path = "Target Support Files/Pods-NYT/Pods-NYT.release.xcconfig"; sourceTree = "<group>"; };
		BE8D247A3CDB0C370106459C /* Pods-NYT.debug.xcconfig */ = {isa = PBXFileReference; includeInIndex = 1; lastKnownFileType = text.xcconfig; name = "Pods-NYT.debug.xcconfig"; path = "Target Support Files/Pods-NYT/Pods-NYT.debug.xcconfig"; sourceTree = "<group>"; };
		CF000DA2B6BFA8A19A133D19 /* Pods_NYT.framework */ = {isa = PBXFileReference; explicitFileType = wrapper.framework; includeInIndex = 0; path = Pods_NYT.framework; sourceTree = BUILT_PRODUCTS_DIR; };
		DD61BAB24FBEC6E1F9EFCD17 /* Pods-NYT-NYTUITests.debug.xcconfig */ = {isa = PBXFileReference; includeInIndex = 1; lastKnownFileType = text.xcconfig; name = "Pods-NYT-NYTUITests.debug.xcconfig"; path = "Target Support Files/Pods-NYT-NYTUITests/Pods-NYT-NYTUITests.debug.xcconfig"; sourceTree = "<group>"; };
		F579B6AF4C8914A8F76C1872 /* Pods-NYTTests.debug.xcconfig */ = {isa = PBXFileReference; includeInIndex = 1; lastKnownFileType = text.xcconfig; name = "Pods-NYTTests.debug.xcconfig"; path = "Target Support Files/Pods-NYTTests/Pods-NYTTests.debug.xcconfig"; sourceTree = "<group>"; };
/* End PBXFileReference section */

/* Begin PBXFrameworksBuildPhase section */
		309540E626866FB600D6D621 /* Frameworks */ = {
			isa = PBXFrameworksBuildPhase;
			buildActionMask = 2147483647;
			files = (
				CF23E0DB052752FF9A99BBD7 /* Pods_NYT.framework in Frameworks */,
			);
			runOnlyForDeploymentPostprocessing = 0;
		};
		309540FC26866FB900D6D621 /* Frameworks */ = {
			isa = PBXFrameworksBuildPhase;
			buildActionMask = 2147483647;
			files = (
				12B55D71F1C61537BFF647CD /* Pods_NYTTests.framework in Frameworks */,
			);
			runOnlyForDeploymentPostprocessing = 0;
		};
		3095410726866FB900D6D621 /* Frameworks */ = {
			isa = PBXFrameworksBuildPhase;
			buildActionMask = 2147483647;
			files = (
				84384D95DDACFB62E1E6ECBF /* Pods_NYT_NYTUITests.framework in Frameworks */,
			);
			runOnlyForDeploymentPostprocessing = 0;
		};
/* End PBXFrameworksBuildPhase section */

/* Begin PBXGroup section */
		309540E026866FB500D6D621 = {
			isa = PBXGroup;
			children = (
				309540EB26866FB600D6D621 /* NYT */,
				3095410226866FB900D6D621 /* NYTTests */,
				3095410D26866FB900D6D621 /* NYTUITests */,
				309540EA26866FB600D6D621 /* Products */,
				5AB7BC6E6D47AA7525EE397F /* Pods */,
				7D91A2F361A1D9047502BF3C /* Frameworks */,
			);
			sourceTree = "<group>";
		};
		309540EA26866FB600D6D621 /* Products */ = {
			isa = PBXGroup;
			children = (
				309540E926866FB600D6D621 /* NYT.app */,
				309540FF26866FB900D6D621 /* NYTTests.xctest */,
				3095410A26866FB900D6D621 /* NYTUITests.xctest */,
			);
			name = Products;
			sourceTree = "<group>";
		};
		309540EB26866FB600D6D621 /* NYT */ = {
			isa = PBXGroup;
			children = (
				309540FA26866FB900D6D621 /* Info.plist */,
				309540EC26866FB600D6D621 /* AppDelegate.swift */,
				30B50534268779E800F52E2B /* API */,
				30B5053626877A4100F52E2B /* Models */,
				30B5053526877A3500F52E2B /* Modules */,
				30B5053726877A5800F52E2B /* Helpers */,
				30B5053C26877B0600F52E2B /* Resources */,
			);
			path = NYT;
			sourceTree = "<group>";
		};
		3095410226866FB900D6D621 /* NYTTests */ = {
			isa = PBXGroup;
			children = (
				3095410326866FB900D6D621 /* NYTTests.swift */,
				30B505582687D1F400F52E2B /* HomeTestCase.swift */,
				3095410526866FB900D6D621 /* Info.plist */,
			);
			path = NYTTests;
			sourceTree = "<group>";
		};
		3095410D26866FB900D6D621 /* NYTUITests */ = {
			isa = PBXGroup;
			children = (
				3095410E26866FB900D6D621 /* NYTUITests.swift */,
				3095411026866FB900D6D621 /* Info.plist */,
			);
			path = NYTUITests;
			sourceTree = "<group>";
		};
		30B50534268779E800F52E2B /* API */ = {
			isa = PBXGroup;
			children = (
				30B5054A2687A04100F52E2B /* NYTimesAPI.swift */,
				30B5053F26879C4B00F52E2B /* StatusCodePlugin.swift */,
				30B5054126879C6C00F52E2B /* Protocols */,
				30B505572687D17200F52E2B /* Service */,
			);
			path = API;
			sourceTree = "<group>";
		};
		30B5053526877A3500F52E2B /* Modules */ = {
			isa = PBXGroup;
			children = (
				309540F226866FB600D6D621 /* Main.storyboard */,
				30B5053926877A9400F52E2B /* Launch */,
				30B5056E2688E85700F52E2B /* NavigationController */,
				30B5053826877A6900F52E2B /* Home */,
				30B505712688EA9A00F52E2B /* StoryDetail */,
			);
			path = Modules;
			sourceTree = "<group>";
		};
		30B5053626877A4100F52E2B /* Models */ = {
			isa = PBXGroup;
			children = (
				30B5054626879E5E00F52E2B /* ErrorModel.swift */,
				30B505502687C11F00F52E2B /* StoryModel.swift */,
				30B5055A2687D43A00F52E2B /* MultimediaModel.swift */,
				30B5055C2687D4D100F52E2B /* PresentationModels */,
			);
			path = Models;
			sourceTree = "<group>";
		};
		30B5053726877A5800F52E2B /* Helpers */ = {
			isa = PBXGroup;
			children = (
				30B5053B26877AE700F52E2B /* Utilities */,
				30B5053A26877ADC00F52E2B /* Extensions */,
			);
			path = Helpers;
			sourceTree = "<group>";
		};
		30B5053826877A6900F52E2B /* Home */ = {
			isa = PBXGroup;
			children = (
				30B505612687D5EB00F52E2B /* HomeContracts.swift */,
				30B505632687D5FA00F52E2B /* HomeViewModel.swift */,
				309540F026866FB600D6D621 /* HomeViewController.swift */,
				30B505652687D60600F52E2B /* HomeBuilder.swift */,
				30B505672688CF1C00F52E2B /* Cells */,
			);
			path = Home;
			sourceTree = "<group>";
		};
		30B5053926877A9400F52E2B /* Launch */ = {
			isa = PBXGroup;
			children = (
				309540F726866FB900D6D621 /* LaunchScreen.storyboard */,
			);
			path = Launch;
			sourceTree = "<group>";
		};
		30B5053A26877ADC00F52E2B /* Extensions */ = {
			isa = PBXGroup;
			children = (
				30B505522687C37D00F52E2B /* MoyaResponseExtension.swift */,
				30B5056C2688D2F100F52E2B /* ImageViewExtension.swift */,
			);
			path = Extensions;
			sourceTree = "<group>";
		};
		30B5053B26877AE700F52E2B /* Utilities */ = {
			isa = PBXGroup;
			children = (
				30B5053D26877CB800F52E2B /* RootRouter.swift */,
				30B5054426879CE400F52E2B /* Decoders.swift */,
				30B5054C2687A0B200F52E2B /* Globals.swift */,
				30B5057A268905C800F52E2B /* Spinner.swift */,
			);
			path = Utilities;
			sourceTree = "<group>";
		};
		30B5053C26877B0600F52E2B /* Resources */ = {
			isa = PBXGroup;
			children = (
				30B505542687D05600F52E2B /* MockData */,
				309540F526866FB900D6D621 /* Assets.xcassets */,
			);
			path = Resources;
			sourceTree = "<group>";
		};
		30B5054126879C6C00F52E2B /* Protocols */ = {
			isa = PBXGroup;
			children = (
				30B5054226879C7F00F52E2B /* ErrorProtocol.swift */,
				30B505482687A00600F52E2B /* ServiceProtocol.swift */,
			);
			path = Protocols;
			sourceTree = "<group>";
		};
		30B505542687D05600F52E2B /* MockData */ = {
			isa = PBXGroup;
			children = (
				30B505552687D07A00F52E2B /* StoryMock.json */,
			);
			path = MockData;
			sourceTree = "<group>";
		};
		30B505572687D17200F52E2B /* Service */ = {
			isa = PBXGroup;
			children = (
				30B5054E2687C06600F52E2B /* NYTimesStoryService.swift */,
			);
			path = Service;
			sourceTree = "<group>";
		};
		30B5055C2687D4D100F52E2B /* PresentationModels */ = {
			isa = PBXGroup;
			children = (
				30B5055D2687D4F300F52E2B /* HomePresentationModel.swift */,
			);
			path = PresentationModels;
			sourceTree = "<group>";
		};
		30B505672688CF1C00F52E2B /* Cells */ = {
			isa = PBXGroup;
			children = (
				30B505682688CF3700F52E2B /* HomeTableViewCell.swift */,
				30B5056A2688CFDD00F52E2B /* HomeCellViewModel.swift */,
			);
			path = Cells;
			sourceTree = "<group>";
		};
		30B5056E2688E85700F52E2B /* NavigationController */ = {
			isa = PBXGroup;
			children = (
				30B5056F2688E87A00F52E2B /* MainNavigationViewController.swift */,
			);
			path = NavigationController;
			sourceTree = "<group>";
		};
		30B505712688EA9A00F52E2B /* StoryDetail */ = {
			isa = PBXGroup;
			children = (
				30B505742688ED8B00F52E2B /* StoryDetailContracts.swift */,
				30B505762688ED9F00F52E2B /* StoryDetailViewModel.swift */,
				30B505722688EAFB00F52E2B /* StoryDetailViewController.swift */,
				30B505782688EDAD00F52E2B /* StoryDetailBuilder.swift */,
			);
			path = StoryDetail;
			sourceTree = "<group>";
		};
		5AB7BC6E6D47AA7525EE397F /* Pods */ = {
			isa = PBXGroup;
			children = (
				BE8D247A3CDB0C370106459C /* Pods-NYT.debug.xcconfig */,
				96409398BED33E37722F97FF /* Pods-NYT.release.xcconfig */,
				DD61BAB24FBEC6E1F9EFCD17 /* Pods-NYT-NYTUITests.debug.xcconfig */,
				0C783E673890E82DC565DA80 /* Pods-NYT-NYTUITests.release.xcconfig */,
				F579B6AF4C8914A8F76C1872 /* Pods-NYTTests.debug.xcconfig */,
				8A2E1DFACCEA4B9613359FFA /* Pods-NYTTests.release.xcconfig */,
			);
			path = Pods;
			sourceTree = "<group>";
		};
		7D91A2F361A1D9047502BF3C /* Frameworks */ = {
			isa = PBXGroup;
			children = (
				CF000DA2B6BFA8A19A133D19 /* Pods_NYT.framework */,
				95F99B6EBF118A64EA9EAE43 /* Pods_NYT_NYTUITests.framework */,
				24DB7AF2E89F25F1C152594E /* Pods_NYTTests.framework */,
			);
			name = Frameworks;
			sourceTree = "<group>";
		};
/* End PBXGroup section */

/* Begin PBXNativeTarget section */
		309540E826866FB600D6D621 /* NYT */ = {
			isa = PBXNativeTarget;
			buildConfigurationList = 3095411326866FB900D6D621 /* Build configuration list for PBXNativeTarget "NYT" */;
			buildPhases = (
				7E40029A81A8B1CCD87F71D8 /* [CP] Check Pods Manifest.lock */,
				309540E526866FB600D6D621 /* Sources */,
				309540E626866FB600D6D621 /* Frameworks */,
				309540E726866FB600D6D621 /* Resources */,
				D87AE9A4771B33AE0A0832D9 /* [CP] Embed Pods Frameworks */,
			);
			buildRules = (
			);
			dependencies = (
			);
			name = NYT;
			productName = NYT;
			productReference = 309540E926866FB600D6D621 /* NYT.app */;
			productType = "com.apple.product-type.application";
		};
		309540FE26866FB900D6D621 /* NYTTests */ = {
			isa = PBXNativeTarget;
			buildConfigurationList = 3095411626866FB900D6D621 /* Build configuration list for PBXNativeTarget "NYTTests" */;
			buildPhases = (
				95CA93FDCF63EB19962CED39 /* [CP] Check Pods Manifest.lock */,
				309540FB26866FB900D6D621 /* Sources */,
				309540FC26866FB900D6D621 /* Frameworks */,
				309540FD26866FB900D6D621 /* Resources */,
			);
			buildRules = (
			);
			dependencies = (
				3095410126866FB900D6D621 /* PBXTargetDependency */,
			);
			name = NYTTests;
			productName = NYTTests;
			productReference = 309540FF26866FB900D6D621 /* NYTTests.xctest */;
			productType = "com.apple.product-type.bundle.unit-test";
		};
		3095410926866FB900D6D621 /* NYTUITests */ = {
			isa = PBXNativeTarget;
			buildConfigurationList = 3095411926866FB900D6D621 /* Build configuration list for PBXNativeTarget "NYTUITests" */;
			buildPhases = (
				F47CCB20214A839611EBC018 /* [CP] Check Pods Manifest.lock */,
				3095410626866FB900D6D621 /* Sources */,
				3095410726866FB900D6D621 /* Frameworks */,
				3095410826866FB900D6D621 /* Resources */,
				8C16C84A672B22C35952A844 /* [CP] Embed Pods Frameworks */,
			);
			buildRules = (
			);
			dependencies = (
				3095410C26866FB900D6D621 /* PBXTargetDependency */,
			);
			name = NYTUITests;
			productName = NYTUITests;
			productReference = 3095410A26866FB900D6D621 /* NYTUITests.xctest */;
			productType = "com.apple.product-type.bundle.ui-testing";
		};
/* End PBXNativeTarget section */

/* Begin PBXProject section */
		309540E126866FB500D6D621 /* Project object */ = {
			isa = PBXProject;
			attributes = {
				LastSwiftUpdateCheck = 1250;
				LastUpgradeCheck = 1250;
				TargetAttributes = {
					309540E826866FB600D6D621 = {
						CreatedOnToolsVersion = 12.5;
					};
					309540FE26866FB900D6D621 = {
						CreatedOnToolsVersion = 12.5;
						TestTargetID = 309540E826866FB600D6D621;
					};
					3095410926866FB900D6D621 = {
						CreatedOnToolsVersion = 12.5;
						TestTargetID = 309540E826866FB600D6D621;
					};
				};
			};
			buildConfigurationList = 309540E426866FB500D6D621 /* Build configuration list for PBXProject "NYT" */;
			compatibilityVersion = "Xcode 9.3";
			developmentRegion = en;
			hasScannedForEncodings = 0;
			knownRegions = (
				en,
				Base,
			);
			mainGroup = 309540E026866FB500D6D621;
			productRefGroup = 309540EA26866FB600D6D621 /* Products */;
			projectDirPath = "";
			projectRoot = "";
			targets = (
				309540E826866FB600D6D621 /* NYT */,
				309540FE26866FB900D6D621 /* NYTTests */,
				3095410926866FB900D6D621 /* NYTUITests */,
			);
		};
/* End PBXProject section */

/* Begin PBXResourcesBuildPhase section */
		309540E726866FB600D6D621 /* Resources */ = {
			isa = PBXResourcesBuildPhase;
			buildActionMask = 2147483647;
			files = (
				30B505562687D07A00F52E2B /* StoryMock.json in Resources */,
				309540F926866FB900D6D621 /* LaunchScreen.storyboard in Resources */,
				309540F626866FB900D6D621 /* Assets.xcassets in Resources */,
				309540F426866FB600D6D621 /* Main.storyboard in Resources */,
			);
			runOnlyForDeploymentPostprocessing = 0;
		};
		309540FD26866FB900D6D621 /* Resources */ = {
			isa = PBXResourcesBuildPhase;
			buildActionMask = 2147483647;
			files = (
			);
			runOnlyForDeploymentPostprocessing = 0;
		};
		3095410826866FB900D6D621 /* Resources */ = {
			isa = PBXResourcesBuildPhase;
			buildActionMask = 2147483647;
			files = (
			);
			runOnlyForDeploymentPostprocessing = 0;
		};
/* End PBXResourcesBuildPhase section */

/* Begin PBXShellScriptBuildPhase section */
		7E40029A81A8B1CCD87F71D8 /* [CP] Check Pods Manifest.lock */ = {
			isa = PBXShellScriptBuildPhase;
			buildActionMask = 2147483647;
			files = (
			);
			inputFileListPaths = (
			);
			inputPaths = (
				"${PODS_PODFILE_DIR_PATH}/Podfile.lock",
				"${PODS_ROOT}/Manifest.lock",
			);
			name = "[CP] Check Pods Manifest.lock";
			outputFileListPaths = (
			);
			outputPaths = (
				"$(DERIVED_FILE_DIR)/Pods-NYT-checkManifestLockResult.txt",
			);
			runOnlyForDeploymentPostprocessing = 0;
			shellPath = /bin/sh;
			shellScript = "diff \"${PODS_PODFILE_DIR_PATH}/Podfile.lock\" \"${PODS_ROOT}/Manifest.lock\" > /dev/null\nif [ $? != 0 ] ; then\n    # print error to STDERR\n    echo \"error: The sandbox is not in sync with the Podfile.lock. Run 'pod install' or update your CocoaPods installation.\" >&2\n    exit 1\nfi\n# This output is used by Xcode 'outputs' to avoid re-running this script phase.\necho \"SUCCESS\" > \"${SCRIPT_OUTPUT_FILE_0}\"\n";
			showEnvVarsInLog = 0;
		};
		8C16C84A672B22C35952A844 /* [CP] Embed Pods Frameworks */ = {
			isa = PBXShellScriptBuildPhase;
			buildActionMask = 2147483647;
			files = (
			);
			inputFileListPaths = (
				"${PODS_ROOT}/Target Support Files/Pods-NYT-NYTUITests/Pods-NYT-NYTUITests-frameworks-${CONFIGURATION}-input-files.xcfilelist",
			);
			name = "[CP] Embed Pods Frameworks";
			outputFileListPaths = (
				"${PODS_ROOT}/Target Support Files/Pods-NYT-NYTUITests/Pods-NYT-NYTUITests-frameworks-${CONFIGURATION}-output-files.xcfilelist",
			);
			runOnlyForDeploymentPostprocessing = 0;
			shellPath = /bin/sh;
			shellScript = "\"${PODS_ROOT}/Target Support Files/Pods-NYT-NYTUITests/Pods-NYT-NYTUITests-frameworks.sh\"\n";
			showEnvVarsInLog = 0;
		};
		95CA93FDCF63EB19962CED39 /* [CP] Check Pods Manifest.lock */ = {
			isa = PBXShellScriptBuildPhase;
			buildActionMask = 2147483647;
			files = (
			);
			inputFileListPaths = (
			);
			inputPaths = (
				"${PODS_PODFILE_DIR_PATH}/Podfile.lock",
				"${PODS_ROOT}/Manifest.lock",
			);
			name = "[CP] Check Pods Manifest.lock";
			outputFileListPaths = (
			);
			outputPaths = (
				"$(DERIVED_FILE_DIR)/Pods-NYTTests-checkManifestLockResult.txt",
			);
			runOnlyForDeploymentPostprocessing = 0;
			shellPath = /bin/sh;
			shellScript = "diff \"${PODS_PODFILE_DIR_PATH}/Podfile.lock\" \"${PODS_ROOT}/Manifest.lock\" > /dev/null\nif [ $? != 0 ] ; then\n    # print error to STDERR\n    echo \"error: The sandbox is not in sync with the Podfile.lock. Run 'pod install' or update your CocoaPods installation.\" >&2\n    exit 1\nfi\n# This output is used by Xcode 'outputs' to avoid re-running this script phase.\necho \"SUCCESS\" > \"${SCRIPT_OUTPUT_FILE_0}\"\n";
			showEnvVarsInLog = 0;
		};
		D87AE9A4771B33AE0A0832D9 /* [CP] Embed Pods Frameworks */ = {
			isa = PBXShellScriptBuildPhase;
			buildActionMask = 2147483647;
			files = (
			);
			inputFileListPaths = (
				"${PODS_ROOT}/Target Support Files/Pods-NYT/Pods-NYT-frameworks-${CONFIGURATION}-input-files.xcfilelist",
			);
			name = "[CP] Embed Pods Frameworks";
			outputFileListPaths = (
				"${PODS_ROOT}/Target Support Files/Pods-NYT/Pods-NYT-frameworks-${CONFIGURATION}-output-files.xcfilelist",
			);
			runOnlyForDeploymentPostprocessing = 0;
			shellPath = /bin/sh;
			shellScript = "\"${PODS_ROOT}/Target Support Files/Pods-NYT/Pods-NYT-frameworks.sh\"\n";
			showEnvVarsInLog = 0;
		};
		F47CCB20214A839611EBC018 /* [CP] Check Pods Manifest.lock */ = {
			isa = PBXShellScriptBuildPhase;
			buildActionMask = 2147483647;
			files = (
			);
			inputFileListPaths = (
			);
			inputPaths = (
				"${PODS_PODFILE_DIR_PATH}/Podfile.lock",
				"${PODS_ROOT}/Manifest.lock",
			);
			name = "[CP] Check Pods Manifest.lock";
			outputFileListPaths = (
			);
			outputPaths = (
				"$(DERIVED_FILE_DIR)/Pods-NYT-NYTUITests-checkManifestLockResult.txt",
			);
			runOnlyForDeploymentPostprocessing = 0;
			shellPath = /bin/sh;
			shellScript = "diff \"${PODS_PODFILE_DIR_PATH}/Podfile.lock\" \"${PODS_ROOT}/Manifest.lock\" > /dev/null\nif [ $? != 0 ] ; then\n    # print error to STDERR\n    echo \"error: The sandbox is not in sync with the Podfile.lock. Run 'pod install' or update your CocoaPods installation.\" >&2\n    exit 1\nfi\n# This output is used by Xcode 'outputs' to avoid re-running this script phase.\necho \"SUCCESS\" > \"${SCRIPT_OUTPUT_FILE_0}\"\n";
			showEnvVarsInLog = 0;
		};
/* End PBXShellScriptBuildPhase section */

/* Begin PBXSourcesBuildPhase section */
		309540E526866FB600D6D621 /* Sources */ = {
			isa = PBXSourcesBuildPhase;
			buildActionMask = 2147483647;
			files = (
				30B505642687D5FA00F52E2B /* HomeViewModel.swift in Sources */,
				30B5057B268905C800F52E2B /* Spinner.swift in Sources */,
				30B5056D2688D2F100F52E2B /* ImageViewExtension.swift in Sources */,
				30B505772688ED9F00F52E2B /* StoryDetailViewModel.swift in Sources */,
				30B505752688ED8B00F52E2B /* StoryDetailContracts.swift in Sources */,
				30B5054B2687A04100F52E2B /* NYTimesAPI.swift in Sources */,
				30B5054726879E5E00F52E2B /* ErrorModel.swift in Sources */,
				30B5054526879CE400F52E2B /* Decoders.swift in Sources */,
				30B5053E26877CB800F52E2B /* RootRouter.swift in Sources */,
				30B505492687A00600F52E2B /* ServiceProtocol.swift in Sources */,
				30B505692688CF3700F52E2B /* HomeTableViewCell.swift in Sources */,
				30B5056B2688CFDD00F52E2B /* HomeCellViewModel.swift in Sources */,
				30B505662687D60600F52E2B /* HomeBuilder.swift in Sources */,
				30B505512687C11F00F52E2B /* StoryModel.swift in Sources */,
				30B5055B2687D43A00F52E2B /* MultimediaModel.swift in Sources */,
				309540F126866FB600D6D621 /* HomeViewController.swift in Sources */,
				30B505622687D5EB00F52E2B /* HomeContracts.swift in Sources */,
				309540ED26866FB600D6D621 /* AppDelegate.swift in Sources */,
				30B505732688EAFB00F52E2B /* StoryDetailViewController.swift in Sources */,
				30B5054026879C4B00F52E2B /* StatusCodePlugin.swift in Sources */,
				30B5054D2687A0B200F52E2B /* Globals.swift in Sources */,
				30B505792688EDAD00F52E2B /* StoryDetailBuilder.swift in Sources */,
				30B5055E2687D4F300F52E2B /* HomePresentationModel.swift in Sources */,
				30B5054326879C7F00F52E2B /* ErrorProtocol.swift in Sources */,
				30B505702688E87A00F52E2B /* MainNavigationViewController.swift in Sources */,
				30B5054F2687C06600F52E2B /* NYTimesStoryService.swift in Sources */,
				30B505532687C37D00F52E2B /* MoyaResponseExtension.swift in Sources */,
			);
			runOnlyForDeploymentPostprocessing = 0;
		};
		309540FB26866FB900D6D621 /* Sources */ = {
			isa = PBXSourcesBuildPhase;
			buildActionMask = 2147483647;
			files = (
				30B505592687D1F400F52E2B /* HomeTestCase.swift in Sources */,
				3095410426866FB900D6D621 /* NYTTests.swift in Sources */,
			);
			runOnlyForDeploymentPostprocessing = 0;
		};
		3095410626866FB900D6D621 /* Sources */ = {
			isa = PBXSourcesBuildPhase;
			buildActionMask = 2147483647;
			files = (
				3095410F26866FB900D6D621 /* NYTUITests.swift in Sources */,
			);
			runOnlyForDeploymentPostprocessing = 0;
		};
/* End PBXSourcesBuildPhase section */

/* Begin PBXTargetDependency section */
		3095410126866FB900D6D621 /* PBXTargetDependency */ = {
			isa = PBXTargetDependency;
			target = 309540E826866FB600D6D621 /* NYT */;
			targetProxy = 3095410026866FB900D6D621 /* PBXContainerItemProxy */;
		};
		3095410C26866FB900D6D621 /* PBXTargetDependency */ = {
			isa = PBXTargetDependency;
			target = 309540E826866FB600D6D621 /* NYT */;
			targetProxy = 3095410B26866FB900D6D621 /* PBXContainerItemProxy */;
		};
/* End PBXTargetDependency section */

/* Begin PBXVariantGroup section */
		309540F226866FB600D6D621 /* Main.storyboard */ = {
			isa = PBXVariantGroup;
			children = (
				309540F326866FB600D6D621 /* Base */,
			);
			name = Main.storyboard;
			sourceTree = "<group>";
		};
		309540F726866FB900D6D621 /* LaunchScreen.storyboard */ = {
			isa = PBXVariantGroup;
			children = (
				309540F826866FB900D6D621 /* Base */,
			);
			name = LaunchScreen.storyboard;
			sourceTree = "<group>";
		};
/* End PBXVariantGroup section */

/* Begin XCBuildConfiguration section */
		3095411126866FB900D6D621 /* Debug */ = {
			isa = XCBuildConfiguration;
			buildSettings = {
				ALWAYS_SEARCH_USER_PATHS = NO;
				CLANG_ANALYZER_NONNULL = YES;
				CLANG_ANALYZER_NUMBER_OBJECT_CONVERSION = YES_AGGRESSIVE;
				CLANG_CXX_LANGUAGE_STANDARD = "gnu++14";
				CLANG_CXX_LIBRARY = "libc++";
				CLANG_ENABLE_MODULES = YES;
				CLANG_ENABLE_OBJC_ARC = YES;
				CLANG_ENABLE_OBJC_WEAK = YES;
				CLANG_WARN_BLOCK_CAPTURE_AUTORELEASING = YES;
				CLANG_WARN_BOOL_CONVERSION = YES;
				CLANG_WARN_COMMA = YES;
				CLANG_WARN_CONSTANT_CONVERSION = YES;
				CLANG_WARN_DEPRECATED_OBJC_IMPLEMENTATIONS = YES;
				CLANG_WARN_DIRECT_OBJC_ISA_USAGE = YES_ERROR;
				CLANG_WARN_DOCUMENTATION_COMMENTS = YES;
				CLANG_WARN_EMPTY_BODY = YES;
				CLANG_WARN_ENUM_CONVERSION = YES;
				CLANG_WARN_INFINITE_RECURSION = YES;
				CLANG_WARN_INT_CONVERSION = YES;
				CLANG_WARN_NON_LITERAL_NULL_CONVERSION = YES;
				CLANG_WARN_OBJC_IMPLICIT_RETAIN_SELF = YES;
				CLANG_WARN_OBJC_LITERAL_CONVERSION = YES;
				CLANG_WARN_OBJC_ROOT_CLASS = YES_ERROR;
				CLANG_WARN_QUOTED_INCLUDE_IN_FRAMEWORK_HEADER = YES;
				CLANG_WARN_RANGE_LOOP_ANALYSIS = YES;
				CLANG_WARN_STRICT_PROTOTYPES = YES;
				CLANG_WARN_SUSPICIOUS_MOVE = YES;
				CLANG_WARN_UNGUARDED_AVAILABILITY = YES_AGGRESSIVE;
				CLANG_WARN_UNREACHABLE_CODE = YES;
				CLANG_WARN__DUPLICATE_METHOD_MATCH = YES;
				COPY_PHASE_STRIP = NO;
				DEBUG_INFORMATION_FORMAT = dwarf;
				ENABLE_STRICT_OBJC_MSGSEND = YES;
				ENABLE_TESTABILITY = YES;
				GCC_C_LANGUAGE_STANDARD = gnu11;
				GCC_DYNAMIC_NO_PIC = NO;
				GCC_NO_COMMON_BLOCKS = YES;
				GCC_OPTIMIZATION_LEVEL = 0;
				GCC_PREPROCESSOR_DEFINITIONS = (
					"DEBUG=1",
					"$(inherited)",
				);
				GCC_WARN_64_TO_32_BIT_CONVERSION = YES;
				GCC_WARN_ABOUT_RETURN_TYPE = YES_ERROR;
				GCC_WARN_UNDECLARED_SELECTOR = YES;
				GCC_WARN_UNINITIALIZED_AUTOS = YES_AGGRESSIVE;
				GCC_WARN_UNUSED_FUNCTION = YES;
				GCC_WARN_UNUSED_VARIABLE = YES;
				IPHONEOS_DEPLOYMENT_TARGET = 14.5;
				MTL_ENABLE_DEBUG_INFO = INCLUDE_SOURCE;
				MTL_FAST_MATH = YES;
				ONLY_ACTIVE_ARCH = YES;
				SDKROOT = iphoneos;
				SWIFT_ACTIVE_COMPILATION_CONDITIONS = DEBUG;
				SWIFT_OPTIMIZATION_LEVEL = "-Onone";
			};
			name = Debug;
		};
		3095411226866FB900D6D621 /* Release */ = {
			isa = XCBuildConfiguration;
			buildSettings = {
				ALWAYS_SEARCH_USER_PATHS = NO;
				CLANG_ANALYZER_NONNULL = YES;
				CLANG_ANALYZER_NUMBER_OBJECT_CONVERSION = YES_AGGRESSIVE;
				CLANG_CXX_LANGUAGE_STANDARD = "gnu++14";
				CLANG_CXX_LIBRARY = "libc++";
				CLANG_ENABLE_MODULES = YES;
				CLANG_ENABLE_OBJC_ARC = YES;
				CLANG_ENABLE_OBJC_WEAK = YES;
				CLANG_WARN_BLOCK_CAPTURE_AUTORELEASING = YES;
				CLANG_WARN_BOOL_CONVERSION = YES;
				CLANG_WARN_COMMA = YES;
				CLANG_WARN_CONSTANT_CONVERSION = YES;
				CLANG_WARN_DEPRECATED_OBJC_IMPLEMENTATIONS = YES;
				CLANG_WARN_DIRECT_OBJC_ISA_USAGE = YES_ERROR;
				CLANG_WARN_DOCUMENTATION_COMMENTS = YES;
				CLANG_WARN_EMPTY_BODY = YES;
				CLANG_WARN_ENUM_CONVERSION = YES;
				CLANG_WARN_INFINITE_RECURSION = YES;
				CLANG_WARN_INT_CONVERSION = YES;
				CLANG_WARN_NON_LITERAL_NULL_CONVERSION = YES;
				CLANG_WARN_OBJC_IMPLICIT_RETAIN_SELF = YES;
				CLANG_WARN_OBJC_LITERAL_CONVERSION = YES;
				CLANG_WARN_OBJC_ROOT_CLASS = YES_ERROR;
				CLANG_WARN_QUOTED_INCLUDE_IN_FRAMEWORK_HEADER = YES;
				CLANG_WARN_RANGE_LOOP_ANALYSIS = YES;
				CLANG_WARN_STRICT_PROTOTYPES = YES;
				CLANG_WARN_SUSPICIOUS_MOVE = YES;
				CLANG_WARN_UNGUARDED_AVAILABILITY = YES_AGGRESSIVE;
				CLANG_WARN_UNREACHABLE_CODE = YES;
				CLANG_WARN__DUPLICATE_METHOD_MATCH = YES;
				COPY_PHASE_STRIP = NO;
				DEBUG_INFORMATION_FORMAT = "dwarf-with-dsym";
				ENABLE_NS_ASSERTIONS = NO;
				ENABLE_STRICT_OBJC_MSGSEND = YES;
				GCC_C_LANGUAGE_STANDARD = gnu11;
				GCC_NO_COMMON_BLOCKS = YES;
				GCC_WARN_64_TO_32_BIT_CONVERSION = YES;
				GCC_WARN_ABOUT_RETURN_TYPE = YES_ERROR;
				GCC_WARN_UNDECLARED_SELECTOR = YES;
				GCC_WARN_UNINITIALIZED_AUTOS = YES_AGGRESSIVE;
				GCC_WARN_UNUSED_FUNCTION = YES;
				GCC_WARN_UNUSED_VARIABLE = YES;
				IPHONEOS_DEPLOYMENT_TARGET = 14.5;
				MTL_ENABLE_DEBUG_INFO = NO;
				MTL_FAST_MATH = YES;
				SDKROOT = iphoneos;
				SWIFT_COMPILATION_MODE = wholemodule;
				SWIFT_OPTIMIZATION_LEVEL = "-O";
				VALIDATE_PRODUCT = YES;
			};
			name = Release;
		};
		3095411426866FB900D6D621 /* Debug */ = {
			isa = XCBuildConfiguration;
			baseConfigurationReference = BE8D247A3CDB0C370106459C /* Pods-NYT.debug.xcconfig */;
			buildSettings = {
				ASSETCATALOG_COMPILER_APPICON_NAME = AppIcon;
				ASSETCATALOG_COMPILER_GLOBAL_ACCENT_COLOR_NAME = AccentColor;
				CODE_SIGN_STYLE = Automatic;
				DEVELOPMENT_TEAM = 3H9VJDR9FJ;
				INFOPLIST_FILE = NYT/Info.plist;
				IPHONEOS_DEPLOYMENT_TARGET = 11.0;
				LD_RUNPATH_SEARCH_PATHS = (
					"$(inherited)",
					"@executable_path/Frameworks",
				);
				PRODUCT_BUNDLE_IDENTIFIER = com.emirKartal.NYT;
				PRODUCT_NAME = "$(TARGET_NAME)";
				SWIFT_VERSION = 5.0;
				TARGETED_DEVICE_FAMILY = 1;
			};
			name = Debug;
		};
		3095411526866FB900D6D621 /* Release */ = {
			isa = XCBuildConfiguration;
			baseConfigurationReference = 96409398BED33E37722F97FF /* Pods-NYT.release.xcconfig */;
			buildSettings = {
				ASSETCATALOG_COMPILER_APPICON_NAME = AppIcon;
				ASSETCATALOG_COMPILER_GLOBAL_ACCENT_COLOR_NAME = AccentColor;
				CODE_SIGN_STYLE = Automatic;
				DEVELOPMENT_TEAM = 3H9VJDR9FJ;
				INFOPLIST_FILE = NYT/Info.plist;
				IPHONEOS_DEPLOYMENT_TARGET = 11.0;
				LD_RUNPATH_SEARCH_PATHS = (
					"$(inherited)",
					"@executable_path/Frameworks",
				);
				PRODUCT_BUNDLE_IDENTIFIER = com.emirKartal.NYT;
				PRODUCT_NAME = "$(TARGET_NAME)";
				SWIFT_VERSION = 5.0;
				TARGETED_DEVICE_FAMILY = 1;
			};
			name = Release;
		};
		3095411726866FB900D6D621 /* Debug */ = {
			isa = XCBuildConfiguration;
			baseConfigurationReference = F579B6AF4C8914A8F76C1872 /* Pods-NYTTests.debug.xcconfig */;
			buildSettings = {
				ALWAYS_EMBED_SWIFT_STANDARD_LIBRARIES = YES;
				BUNDLE_LOADER = "$(TEST_HOST)";
				CODE_SIGN_STYLE = Automatic;
				DEVELOPMENT_TEAM = 3H9VJDR9FJ;
				INFOPLIST_FILE = NYTTests/Info.plist;
				IPHONEOS_DEPLOYMENT_TARGET = 14.5;
				LD_RUNPATH_SEARCH_PATHS = (
					"$(inherited)",
					"@executable_path/Frameworks",
					"@loader_path/Frameworks",
				);
				PRODUCT_BUNDLE_IDENTIFIER = com.emirKartal.NYTTests;
				PRODUCT_NAME = "$(TARGET_NAME)";
				SWIFT_VERSION = 5.0;
				TARGETED_DEVICE_FAMILY = "1,2";
				TEST_HOST = "$(BUILT_PRODUCTS_DIR)/NYT.app/NYT";
			};
			name = Debug;
		};
		3095411826866FB900D6D621 /* Release */ = {
			isa = XCBuildConfiguration;
			baseConfigurationReference = 8A2E1DFACCEA4B9613359FFA /* Pods-NYTTests.release.xcconfig */;
			buildSettings = {
				ALWAYS_EMBED_SWIFT_STANDARD_LIBRARIES = YES;
				BUNDLE_LOADER = "$(TEST_HOST)";
				CODE_SIGN_STYLE = Automatic;
				DEVELOPMENT_TEAM = 3H9VJDR9FJ;
				INFOPLIST_FILE = NYTTests/Info.plist;
				IPHONEOS_DEPLOYMENT_TARGET = 14.5;
				LD_RUNPATH_SEARCH_PATHS = (
					"$(inherited)",
					"@executable_path/Frameworks",
					"@loader_path/Frameworks",
				);
				PRODUCT_BUNDLE_IDENTIFIER = com.emirKartal.NYTTests;
				PRODUCT_NAME = "$(TARGET_NAME)";
				SWIFT_VERSION = 5.0;
				TARGETED_DEVICE_FAMILY = "1,2";
				TEST_HOST = "$(BUILT_PRODUCTS_DIR)/NYT.app/NYT";
			};
			name = Release;
		};
		3095411A26866FB900D6D621 /* Debug */ = {
			isa = XCBuildConfiguration;
			baseConfigurationReference = DD61BAB24FBEC6E1F9EFCD17 /* Pods-NYT-NYTUITests.debug.xcconfig */;
			buildSettings = {
				ALWAYS_EMBED_SWIFT_STANDARD_LIBRARIES = YES;
				CODE_SIGN_STYLE = Automatic;
				DEVELOPMENT_TEAM = 3H9VJDR9FJ;
				INFOPLIST_FILE = NYTUITests/Info.plist;
				LD_RUNPATH_SEARCH_PATHS = (
					"$(inherited)",
					"@executable_path/Frameworks",
					"@loader_path/Frameworks",
				);
				PRODUCT_BUNDLE_IDENTIFIER = com.emirKartal.NYTUITests;
				PRODUCT_NAME = "$(TARGET_NAME)";
				SWIFT_VERSION = 5.0;
				TARGETED_DEVICE_FAMILY = "1,2";
				TEST_TARGET_NAME = NYT;
			};
			name = Debug;
		};
		3095411B26866FB900D6D621 /* Release */ = {
			isa = XCBuildConfiguration;
			baseConfigurationReference = 0C783E673890E82DC565DA80 /* Pods-NYT-NYTUITests.release.xcconfig */;
			buildSettings = {
				ALWAYS_EMBED_SWIFT_STANDARD_LIBRARIES = YES;
				CODE_SIGN_STYLE = Automatic;
				DEVELOPMENT_TEAM = 3H9VJDR9FJ;
				INFOPLIST_FILE = NYTUITests/Info.plist;
				LD_RUNPATH_SEARCH_PATHS = (
					"$(inherited)",
					"@executable_path/Frameworks",
					"@loader_path/Frameworks",
				);
				PRODUCT_BUNDLE_IDENTIFIER = com.emirKartal.NYTUITests;
				PRODUCT_NAME = "$(TARGET_NAME)";
				SWIFT_VERSION = 5.0;
				TARGETED_DEVICE_FAMILY = "1,2";
				TEST_TARGET_NAME = NYT;
			};
			name = Release;
		};
/* End XCBuildConfiguration section */

/* Begin XCConfigurationList section */
		309540E426866FB500D6D621 /* Build configuration list for PBXProject "NYT" */ = {
			isa = XCConfigurationList;
			buildConfigurations = (
				3095411126866FB900D6D621 /* Debug */,
				3095411226866FB900D6D621 /* Release */,
			);
			defaultConfigurationIsVisible = 0;
			defaultConfigurationName = Release;
		};
		3095411326866FB900D6D621 /* Build configuration list for PBXNativeTarget "NYT" */ = {
			isa = XCConfigurationList;
			buildConfigurations = (
				3095411426866FB900D6D621 /* Debug */,
				3095411526866FB900D6D621 /* Release */,
			);
			defaultConfigurationIsVisible = 0;
			defaultConfigurationName = Release;
		};
		3095411626866FB900D6D621 /* Build configuration list for PBXNativeTarget "NYTTests" */ = {
			isa = XCConfigurationList;
			buildConfigurations = (
				3095411726866FB900D6D621 /* Debug */,
				3095411826866FB900D6D621 /* Release */,
			);
			defaultConfigurationIsVisible = 0;
			defaultConfigurationName = Release;
		};
		3095411926866FB900D6D621 /* Build configuration list for PBXNativeTarget "NYTUITests" */ = {
			isa = XCConfigurationList;
			buildConfigurations = (
				3095411A26866FB900D6D621 /* Debug */,
				3095411B26866FB900D6D621 /* Release */,
			);
			defaultConfigurationIsVisible = 0;
			defaultConfigurationName = Release;
		};
/* End XCConfigurationList section */
	};
	rootObject = 309540E126866FB500D6D621 /* Project object */;
}
